// !$*UTF8*$!
{
	archiveVersion = 1;
	classes = {
	};
	objectVersion = 56;
	objects = {

/* Begin PBXBuildFile section */
		8D727DFB2AEAB4AD001F24CB /* qwiz_appleApp.swift in Sources */ = {isa = PBXBuildFile; fileRef = 8D727DFA2AEAB4AD001F24CB /* qwiz_appleApp.swift */; };
		8D727DFD2AEAB4AD001F24CB /* Persistence.swift in Sources */ = {isa = PBXBuildFile; fileRef = 8D727DFC2AEAB4AD001F24CB /* Persistence.swift */; };
		8D727E002AEAB4AD001F24CB /* qwiz_apple.xcdatamodeld in Sources */ = {isa = PBXBuildFile; fileRef = 8D727DFE2AEAB4AD001F24CB /* qwiz_apple.xcdatamodeld */; };
		8D727E022AEAB4AD001F24CB /* ContentView.swift in Sources */ = {isa = PBXBuildFile; fileRef = 8D727E012AEAB4AD001F24CB /* ContentView.swift */; };
		8D727E042AEAB4AE001F24CB /* Assets.xcassets in Resources */ = {isa = PBXBuildFile; fileRef = 8D727E032AEAB4AE001F24CB /* Assets.xcassets */; };
		8D727E082AEAB4AE001F24CB /* Preview Assets.xcassets in Resources */ = {isa = PBXBuildFile; fileRef = 8D727E072AEAB4AE001F24CB /* Preview Assets.xcassets */; };
		8D727E122AEAB4AE001F24CB /* qwiz_appleTests.swift in Sources */ = {isa = PBXBuildFile; fileRef = 8D727E112AEAB4AE001F24CB /* qwiz_appleTests.swift */; };
		8D727E1C2AEAB4AE001F24CB /* qwiz_appleUITests.swift in Sources */ = {isa = PBXBuildFile; fileRef = 8D727E1B2AEAB4AE001F24CB /* qwiz_appleUITests.swift */; };
		8D727E1E2AEAB4AE001F24CB /* qwiz_appleUITestsLaunchTests.swift in Sources */ = {isa = PBXBuildFile; fileRef = 8D727E1D2AEAB4AE001F24CB /* qwiz_appleUITestsLaunchTests.swift */; };
/* End PBXBuildFile section */

/* Begin PBXContainerItemProxy section */
		8D727E0E2AEAB4AE001F24CB /* PBXContainerItemProxy */ = {
			isa = PBXContainerItemProxy;
			containerPortal = 8D727DEF2AEAB4AC001F24CB /* Project object */;
			proxyType = 1;
			remoteGlobalIDString = 8D727DF62AEAB4AD001F24CB;
			remoteInfo = qwiz_apple;
		};
		8D727E182AEAB4AE001F24CB /* PBXContainerItemProxy */ = {
			isa = PBXContainerItemProxy;
			containerPortal = 8D727DEF2AEAB4AC001F24CB /* Project object */;
			proxyType = 1;
			remoteGlobalIDString = 8D727DF62AEAB4AD001F24CB;
			remoteInfo = qwiz_apple;
		};
/* End PBXContainerItemProxy section */

/* Begin PBXFileReference section */
		8D727DF72AEAB4AD001F24CB /* qwiz_apple.app */ = {isa = PBXFileReference; explicitFileType = wrapper.application; includeInIndex = 0; path = qwiz_apple.app; sourceTree = BUILT_PRODUCTS_DIR; };
		8D727DFA2AEAB4AD001F24CB /* qwiz_appleApp.swift */ = {isa = PBXFileReference; lastKnownFileType = sourcecode.swift; path = qwiz_appleApp.swift; sourceTree = "<group>"; };
		8D727DFC2AEAB4AD001F24CB /* Persistence.swift */ = {isa = PBXFileReference; lastKnownFileType = sourcecode.swift; path = Persistence.swift; sourceTree = "<group>"; };
		8D727DFF2AEAB4AD001F24CB /* qwiz_apple.xcdatamodel */ = {isa = PBXFileReference; lastKnownFileType = wrapper.xcdatamodel; path = qwiz_apple.xcdatamodel; sourceTree = "<group>"; };
		8D727E012AEAB4AD001F24CB /* ContentView.swift */ = {isa = PBXFileReference; lastKnownFileType = sourcecode.swift; path = ContentView.swift; sourceTree = "<group>"; };
		8D727E032AEAB4AE001F24CB /* Assets.xcassets */ = {isa = PBXFileReference; lastKnownFileType = folder.assetcatalog; path = Assets.xcassets; sourceTree = "<group>"; };
		8D727E052AEAB4AE001F24CB /* qwiz_apple.entitlements */ = {isa = PBXFileReference; lastKnownFileType = text.plist.entitlements; path = qwiz_apple.entitlements; sourceTree = "<group>"; };
		8D727E072AEAB4AE001F24CB /* Preview Assets.xcassets */ = {isa = PBXFileReference; lastKnownFileType = folder.assetcatalog; path = "Preview Assets.xcassets"; sourceTree = "<group>"; };
		8D727E0D2AEAB4AE001F24CB /* qwiz_appleTests.xctest */ = {isa = PBXFileReference; explicitFileType = wrapper.cfbundle; includeInIndex = 0; path = qwiz_appleTests.xctest; sourceTree = BUILT_PRODUCTS_DIR; };
		8D727E112AEAB4AE001F24CB /* qwiz_appleTests.swift */ = {isa = PBXFileReference; lastKnownFileType = sourcecode.swift; path = qwiz_appleTests.swift; sourceTree = "<group>"; };
		8D727E172AEAB4AE001F24CB /* qwiz_appleUITests.xctest */ = {isa = PBXFileReference; explicitFileType = wrapper.cfbundle; includeInIndex = 0; path = qwiz_appleUITests.xctest; sourceTree = BUILT_PRODUCTS_DIR; };
		8D727E1B2AEAB4AE001F24CB /* qwiz_appleUITests.swift */ = {isa = PBXFileReference; lastKnownFileType = sourcecode.swift; path = qwiz_appleUITests.swift; sourceTree = "<group>"; };
		8D727E1D2AEAB4AE001F24CB /* qwiz_appleUITestsLaunchTests.swift */ = {isa = PBXFileReference; lastKnownFileType = sourcecode.swift; path = qwiz_appleUITestsLaunchTests.swift; sourceTree = "<group>"; };
/* End PBXFileReference section */

/* Begin PBXFrameworksBuildPhase section */
		8D727DF42AEAB4AD001F24CB /* Frameworks */ = {
			isa = PBXFrameworksBuildPhase;
			buildActionMask = 2147483647;
			files = (
			);
			runOnlyForDeploymentPostprocessing = 0;
		};
		8D727E0A2AEAB4AE001F24CB /* Frameworks */ = {
			isa = PBXFrameworksBuildPhase;
			buildActionMask = 2147483647;
			files = (
			);
			runOnlyForDeploymentPostprocessing = 0;
		};
		8D727E142AEAB4AE001F24CB /* Frameworks */ = {
			isa = PBXFrameworksBuildPhase;
			buildActionMask = 2147483647;
			files = (
			);
			runOnlyForDeploymentPostprocessing = 0;
		};
/* End PBXFrameworksBuildPhase section */

/* Begin PBXGroup section */
		8D727DEE2AEAB4AC001F24CB = {
			isa = PBXGroup;
			children = (
				8D727DF92AEAB4AD001F24CB /* qwiz_apple */,
				8D727E102AEAB4AE001F24CB /* qwiz_appleTests */,
				8D727E1A2AEAB4AE001F24CB /* qwiz_appleUITests */,
				8D727DF82AEAB4AD001F24CB /* Products */,
			);
			sourceTree = "<group>";
		};
		8D727DF82AEAB4AD001F24CB /* Products */ = {
			isa = PBXGroup;
			children = (
				8D727DF72AEAB4AD001F24CB /* qwiz_apple.app */,
				8D727E0D2AEAB4AE001F24CB /* qwiz_appleTests.xctest */,
				8D727E172AEAB4AE001F24CB /* qwiz_appleUITests.xctest */,
			);
			name = Products;
			sourceTree = "<group>";
		};
		8D727DF92AEAB4AD001F24CB /* qwiz_apple */ = {
			isa = PBXGroup;
			children = (
				8D727DFA2AEAB4AD001F24CB /* qwiz_appleApp.swift */,
				8D727DFC2AEAB4AD001F24CB /* Persistence.swift */,
				8D727E012AEAB4AD001F24CB /* ContentView.swift */,
				8D727E032AEAB4AE001F24CB /* Assets.xcassets */,
				8D727E052AEAB4AE001F24CB /* qwiz_apple.entitlements */,
				8D727DFE2AEAB4AD001F24CB /* qwiz_apple.xcdatamodeld */,
				8D727E062AEAB4AE001F24CB /* Preview Content */,
			);
			path = qwiz_apple;
			sourceTree = "<group>";
		};
		8D727E062AEAB4AE001F24CB /* Preview Content */ = {
			isa = PBXGroup;
			children = (
				8D727E072AEAB4AE001F24CB /* Preview Assets.xcassets */,
			);
			path = "Preview Content";
			sourceTree = "<group>";
		};
		8D727E102AEAB4AE001F24CB /* qwiz_appleTests */ = {
			isa = PBXGroup;
			children = (
				8D727E112AEAB4AE001F24CB /* qwiz_appleTests.swift */,
			);
			path = qwiz_appleTests;
			sourceTree = "<group>";
		};
		8D727E1A2AEAB4AE001F24CB /* qwiz_appleUITests */ = {
			isa = PBXGroup;
			children = (
				8D727E1B2AEAB4AE001F24CB /* qwiz_appleUITests.swift */,
				8D727E1D2AEAB4AE001F24CB /* qwiz_appleUITestsLaunchTests.swift */,
			);
			path = qwiz_appleUITests;
			sourceTree = "<group>";
		};
/* End PBXGroup section */

/* Begin PBXNativeTarget section */
		8D727DF62AEAB4AD001F24CB /* qwiz_apple */ = {
			isa = PBXNativeTarget;
			buildConfigurationList = 8D727E212AEAB4AE001F24CB /* Build configuration list for PBXNativeTarget "qwiz_apple" */;
			buildPhases = (
				8D727DF32AEAB4AD001F24CB /* Sources */,
				8D727DF42AEAB4AD001F24CB /* Frameworks */,
				8D727DF52AEAB4AD001F24CB /* Resources */,
			);
			buildRules = (
			);
			dependencies = (
			);
			name = qwiz_apple;
			productName = qwiz_apple;
			productReference = 8D727DF72AEAB4AD001F24CB /* qwiz_apple.app */;
			productType = "com.apple.product-type.application";
		};
		8D727E0C2AEAB4AE001F24CB /* qwiz_appleTests */ = {
			isa = PBXNativeTarget;
			buildConfigurationList = 8D727E242AEAB4AE001F24CB /* Build configuration list for PBXNativeTarget "qwiz_appleTests" */;
			buildPhases = (
				8D727E092AEAB4AE001F24CB /* Sources */,
				8D727E0A2AEAB4AE001F24CB /* Frameworks */,
				8D727E0B2AEAB4AE001F24CB /* Resources */,
			);
			buildRules = (
			);
			dependencies = (
				8D727E0F2AEAB4AE001F24CB /* PBXTargetDependency */,
			);
			name = qwiz_appleTests;
			productName = qwiz_appleTests;
			productReference = 8D727E0D2AEAB4AE001F24CB /* qwiz_appleTests.xctest */;
			productType = "com.apple.product-type.bundle.unit-test";
		};
		8D727E162AEAB4AE001F24CB /* qwiz_appleUITests */ = {
			isa = PBXNativeTarget;
			buildConfigurationList = 8D727E272AEAB4AE001F24CB /* Build configuration list for PBXNativeTarget "qwiz_appleUITests" */;
			buildPhases = (
				8D727E132AEAB4AE001F24CB /* Sources */,
				8D727E142AEAB4AE001F24CB /* Frameworks */,
				8D727E152AEAB4AE001F24CB /* Resources */,
			);
			buildRules = (
			);
			dependencies = (
				8D727E192AEAB4AE001F24CB /* PBXTargetDependency */,
			);
			name = qwiz_appleUITests;
			productName = qwiz_appleUITests;
			productReference = 8D727E172AEAB4AE001F24CB /* qwiz_appleUITests.xctest */;
			productType = "com.apple.product-type.bundle.ui-testing";
		};
/* End PBXNativeTarget section */

/* Begin PBXProject section */
		8D727DEF2AEAB4AC001F24CB /* Project object */ = {
			isa = PBXProject;
			attributes = {
				BuildIndependentTargetsInParallel = 1;
				LastSwiftUpdateCheck = 1430;
				LastUpgradeCheck = 1430;
				TargetAttributes = {
					8D727DF62AEAB4AD001F24CB = {
						CreatedOnToolsVersion = 14.3.1;
					};
					8D727E0C2AEAB4AE001F24CB = {
						CreatedOnToolsVersion = 14.3.1;
						TestTargetID = 8D727DF62AEAB4AD001F24CB;
					};
					8D727E162AEAB4AE001F24CB = {
						CreatedOnToolsVersion = 14.3.1;
						TestTargetID = 8D727DF62AEAB4AD001F24CB;
					};
				};
			};
			buildConfigurationList = 8D727DF22AEAB4AD001F24CB /* Build configuration list for PBXProject "qwiz_apple" */;
			compatibilityVersion = "Xcode 14.0";
			developmentRegion = en;
			hasScannedForEncodings = 0;
			knownRegions = (
				en,
				Base,
			);
			mainGroup = 8D727DEE2AEAB4AC001F24CB;
			productRefGroup = 8D727DF82AEAB4AD001F24CB /* Products */;
			projectDirPath = "";
			projectRoot = "";
			targets = (
				8D727DF62AEAB4AD001F24CB /* qwiz_apple */,
				8D727E0C2AEAB4AE001F24CB /* qwiz_appleTests */,
				8D727E162AEAB4AE001F24CB /* qwiz_appleUITests */,
			);
		};
/* End PBXProject section */

/* Begin PBXResourcesBuildPhase section */
		8D727DF52AEAB4AD001F24CB /* Resources */ = {
			isa = PBXResourcesBuildPhase;
			buildActionMask = 2147483647;
			files = (
				8D727E082AEAB4AE001F24CB /* Preview Assets.xcassets in Resources */,
				8D727E042AEAB4AE001F24CB /* Assets.xcassets in Resources */,
			);
			runOnlyForDeploymentPostprocessing = 0;
		};
		8D727E0B2AEAB4AE001F24CB /* Resources */ = {
			isa = PBXResourcesBuildPhase;
			buildActionMask = 2147483647;
			files = (
			);
			runOnlyForDeploymentPostprocessing = 0;
		};
		8D727E152AEAB4AE001F24CB /* Resources */ = {
			isa = PBXResourcesBuildPhase;
			buildActionMask = 2147483647;
			files = (
			);
			runOnlyForDeploymentPostprocessing = 0;
		};
/* End PBXResourcesBuildPhase section */

/* Begin PBXSourcesBuildPhase section */
		8D727DF32AEAB4AD001F24CB /* Sources */ = {
			isa = PBXSourcesBuildPhase;
			buildActionMask = 2147483647;
			files = (
				8D727DFB2AEAB4AD001F24CB /* qwiz_appleApp.swift in Sources */,
				8D727DFD2AEAB4AD001F24CB /* Persistence.swift in Sources */,
				8D727E022AEAB4AD001F24CB /* ContentView.swift in Sources */,
				8D727E002AEAB4AD001F24CB /* qwiz_apple.xcdatamodeld in Sources */,
			);
			runOnlyForDeploymentPostprocessing = 0;
		};
		8D727E092AEAB4AE001F24CB /* Sources */ = {
			isa = PBXSourcesBuildPhase;
			buildActionMask = 2147483647;
			files = (
				8D727E122AEAB4AE001F24CB /* qwiz_appleTests.swift in Sources */,
			);
			runOnlyForDeploymentPostprocessing = 0;
		};
		8D727E132AEAB4AE001F24CB /* Sources */ = {
			isa = PBXSourcesBuildPhase;
			buildActionMask = 2147483647;
			files = (
				8D727E1E2AEAB4AE001F24CB /* qwiz_appleUITestsLaunchTests.swift in Sources */,
				8D727E1C2AEAB4AE001F24CB /* qwiz_appleUITests.swift in Sources */,
			);
			runOnlyForDeploymentPostprocessing = 0;
		};
/* End PBXSourcesBuildPhase section */

/* Begin PBXTargetDependency section */
		8D727E0F2AEAB4AE001F24CB /* PBXTargetDependency */ = {
			isa = PBXTargetDependency;
			target = 8D727DF62AEAB4AD001F24CB /* qwiz_apple */;
			targetProxy = 8D727E0E2AEAB4AE001F24CB /* PBXContainerItemProxy */;
		};
		8D727E192AEAB4AE001F24CB /* PBXTargetDependency */ = {
			isa = PBXTargetDependency;
			target = 8D727DF62AEAB4AD001F24CB /* qwiz_apple */;
			targetProxy = 8D727E182AEAB4AE001F24CB /* PBXContainerItemProxy */;
		};
/* End PBXTargetDependency section */

/* Begin XCBuildConfiguration section */
		8D727E1F2AEAB4AE001F24CB /* Debug */ = {
			isa = XCBuildConfiguration;
			buildSettings = {
				ALWAYS_SEARCH_USER_PATHS = NO;
				CLANG_ANALYZER_NONNULL = YES;
				CLANG_ANALYZER_NUMBER_OBJECT_CONVERSION = YES_AGGRESSIVE;
				CLANG_CXX_LANGUAGE_STANDARD = "gnu++20";
				CLANG_ENABLE_MODULES = YES;
				CLANG_ENABLE_OBJC_ARC = YES;
				CLANG_ENABLE_OBJC_WEAK = YES;
				CLANG_WARN_BLOCK_CAPTURE_AUTORELEASING = YES;
				CLANG_WARN_BOOL_CONVERSION = YES;
				CLANG_WARN_COMMA = YES;
				CLANG_WARN_CONSTANT_CONVERSION = YES;
				CLANG_WARN_DEPRECATED_OBJC_IMPLEMENTATIONS = YES;
				CLANG_WARN_DIRECT_OBJC_ISA_USAGE = YES_ERROR;
				CLANG_WARN_DOCUMENTATION_COMMENTS = YES;
				CLANG_WARN_EMPTY_BODY = YES;
				CLANG_WARN_ENUM_CONVERSION = YES;
				CLANG_WARN_INFINITE_RECURSION = YES;
				CLANG_WARN_INT_CONVERSION = YES;
				CLANG_WARN_NON_LITERAL_NULL_CONVERSION = YES;
				CLANG_WARN_OBJC_IMPLICIT_RETAIN_SELF = YES;
				CLANG_WARN_OBJC_LITERAL_CONVERSION = YES;
				CLANG_WARN_OBJC_ROOT_CLASS = YES_ERROR;
				CLANG_WARN_QUOTED_INCLUDE_IN_FRAMEWORK_HEADER = YES;
				CLANG_WARN_RANGE_LOOP_ANALYSIS = YES;
				CLANG_WARN_STRICT_PROTOTYPES = YES;
				CLANG_WARN_SUSPICIOUS_MOVE = YES;
				CLANG_WARN_UNGUARDED_AVAILABILITY = YES_AGGRESSIVE;
				CLANG_WARN_UNREACHABLE_CODE = YES;
				CLANG_WARN__DUPLICATE_METHOD_MATCH = YES;
				COPY_PHASE_STRIP = NO;
				DEBUG_INFORMATION_FORMAT = dwarf;
				ENABLE_STRICT_OBJC_MSGSEND = YES;
				ENABLE_TESTABILITY = YES;
				GCC_C_LANGUAGE_STANDARD = gnu11;
				GCC_DYNAMIC_NO_PIC = NO;
				GCC_NO_COMMON_BLOCKS = YES;
				GCC_OPTIMIZATION_LEVEL = 0;
				GCC_PREPROCESSOR_DEFINITIONS = (
					"DEBUG=1",
					"$(inherited)",
				);
				GCC_WARN_64_TO_32_BIT_CONVERSION = YES;
				GCC_WARN_ABOUT_RETURN_TYPE = YES_ERROR;
				GCC_WARN_UNDECLARED_SELECTOR = YES;
				GCC_WARN_UNINITIALIZED_AUTOS = YES_AGGRESSIVE;
				GCC_WARN_UNUSED_FUNCTION = YES;
				GCC_WARN_UNUSED_VARIABLE = YES;
				MTL_ENABLE_DEBUG_INFO = INCLUDE_SOURCE;
				MTL_FAST_MATH = YES;
				ONLY_ACTIVE_ARCH = YES;
				SWIFT_ACTIVE_COMPILATION_CONDITIONS = DEBUG;
				SWIFT_OPTIMIZATION_LEVEL = "-Onone";
			};
			name = Debug;
		};
		8D727E202AEAB4AE001F24CB /* Release */ = {
			isa = XCBuildConfiguration;
			buildSettings = {
				ALWAYS_SEARCH_USER_PATHS = NO;
				CLANG_ANALYZER_NONNULL = YES;
				CLANG_ANALYZER_NUMBER_OBJECT_CONVERSION = YES_AGGRESSIVE;
				CLANG_CXX_LANGUAGE_STANDARD = "gnu++20";
				CLANG_ENABLE_MODULES = YES;
				CLANG_ENABLE_OBJC_ARC = YES;
				CLANG_ENABLE_OBJC_WEAK = YES;
				CLANG_WARN_BLOCK_CAPTURE_AUTORELEASING = YES;
				CLANG_WARN_BOOL_CONVERSION = YES;
				CLANG_WARN_COMMA = YES;
				CLANG_WARN_CONSTANT_CONVERSION = YES;
				CLANG_WARN_DEPRECATED_OBJC_IMPLEMENTATIONS = YES;
				CLANG_WARN_DIRECT_OBJC_ISA_USAGE = YES_ERROR;
				CLANG_WARN_DOCUMENTATION_COMMENTS = YES;
				CLANG_WARN_EMPTY_BODY = YES;
				CLANG_WARN_ENUM_CONVERSION = YES;
				CLANG_WARN_INFINITE_RECURSION = YES;
				CLANG_WARN_INT_CONVERSION = YES;
				CLANG_WARN_NON_LITERAL_NULL_CONVERSION = YES;
				CLANG_WARN_OBJC_IMPLICIT_RETAIN_SELF = YES;
				CLANG_WARN_OBJC_LITERAL_CONVERSION = YES;
				CLANG_WARN_OBJC_ROOT_CLASS = YES_ERROR;
				CLANG_WARN_QUOTED_INCLUDE_IN_FRAMEWORK_HEADER = YES;
				CLANG_WARN_RANGE_LOOP_ANALYSIS = YES;
				CLANG_WARN_STRICT_PROTOTYPES = YES;
				CLANG_WARN_SUSPICIOUS_MOVE = YES;
				CLANG_WARN_UNGUARDED_AVAILABILITY = YES_AGGRESSIVE;
				CLANG_WARN_UNREACHABLE_CODE = YES;
				CLANG_WARN__DUPLICATE_METHOD_MATCH = YES;
				COPY_PHASE_STRIP = NO;
				DEBUG_INFORMATION_FORMAT = "dwarf-with-dsym";
				ENABLE_NS_ASSERTIONS = NO;
				ENABLE_STRICT_OBJC_MSGSEND = YES;
				GCC_C_LANGUAGE_STANDARD = gnu11;
				GCC_NO_COMMON_BLOCKS = YES;
				GCC_WARN_64_TO_32_BIT_CONVERSION = YES;
				GCC_WARN_ABOUT_RETURN_TYPE = YES_ERROR;
				GCC_WARN_UNDECLARED_SELECTOR = YES;
				GCC_WARN_UNINITIALIZED_AUTOS = YES_AGGRESSIVE;
				GCC_WARN_UNUSED_FUNCTION = YES;
				GCC_WARN_UNUSED_VARIABLE = YES;
				MTL_ENABLE_DEBUG_INFO = NO;
				MTL_FAST_MATH = YES;
				SWIFT_COMPILATION_MODE = wholemodule;
				SWIFT_OPTIMIZATION_LEVEL = "-O";
			};
			name = Release;
		};
		8D727E222AEAB4AE001F24CB /* Debug */ = {
			isa = XCBuildConfiguration;
			buildSettings = {
				ASSETCATALOG_COMPILER_APPICON_NAME = AppIcon;
				ASSETCATALOG_COMPILER_GLOBAL_ACCENT_COLOR_NAME = AccentColor;
				CODE_SIGN_ENTITLEMENTS = qwiz_apple/qwiz_apple.entitlements;
				CODE_SIGN_STYLE = Automatic;
				CURRENT_PROJECT_VERSION = 1;
				DEVELOPMENT_ASSET_PATHS = "\"qwiz_apple/Preview Content\"";
				ENABLE_PREVIEWS = YES;
				GENERATE_INFOPLIST_FILE = YES;
				"INFOPLIST_KEY_UIApplicationSceneManifest_Generation[sdk=iphoneos*]" = YES;
				"INFOPLIST_KEY_UIApplicationSceneManifest_Generation[sdk=iphonesimulator*]" = YES;
				"INFOPLIST_KEY_UIApplicationSupportsIndirectInputEvents[sdk=iphoneos*]" = YES;
				"INFOPLIST_KEY_UIApplicationSupportsIndirectInputEvents[sdk=iphonesimulator*]" = YES;
				"INFOPLIST_KEY_UILaunchScreen_Generation[sdk=iphoneos*]" = YES;
				"INFOPLIST_KEY_UILaunchScreen_Generation[sdk=iphonesimulator*]" = YES;
				"INFOPLIST_KEY_UIStatusBarStyle[sdk=iphoneos*]" = UIStatusBarStyleDefault;
				"INFOPLIST_KEY_UIStatusBarStyle[sdk=iphonesimulator*]" = UIStatusBarStyleDefault;
				INFOPLIST_KEY_UISupportedInterfaceOrientations_iPad = "UIInterfaceOrientationPortrait UIInterfaceOrientationPortraitUpsideDown UIInterfaceOrientationLandscapeLeft UIInterfaceOrientationLandscapeRight";
				INFOPLIST_KEY_UISupportedInterfaceOrientations_iPhone = "UIInterfaceOrientationPortrait UIInterfaceOrientationLandscapeLeft UIInterfaceOrientationLandscapeRight";
				IPHONEOS_DEPLOYMENT_TARGET = 16.4;
				LD_RUNPATH_SEARCH_PATHS = "@executable_path/Frameworks";
				"LD_RUNPATH_SEARCH_PATHS[sdk=macosx*]" = "@executable_path/../Frameworks";
				MACOSX_DEPLOYMENT_TARGET = 13.3;
				MARKETING_VERSION = 1.0;
				PRODUCT_BUNDLE_IDENTIFIER = "malkorin.qwiz-apple";
				PRODUCT_NAME = "$(TARGET_NAME)";
				SDKROOT = auto;
				SUPPORTED_PLATFORMS = "iphoneos iphonesimulator macosx";
				SWIFT_EMIT_LOC_STRINGS = YES;
				SWIFT_VERSION = 5.0;
				TARGETED_DEVICE_FAMILY = "1,2";
			};
			name = Debug;
		};
		8D727E232AEAB4AE001F24CB /* Release */ = {
			isa = XCBuildConfiguration;
			buildSettings = {
				ASSETCATALOG_COMPILER_APPICON_NAME = AppIcon;
				ASSETCATALOG_COMPILER_GLOBAL_ACCENT_COLOR_NAME = AccentColor;
				CODE_SIGN_ENTITLEMENTS = qwiz_apple/qwiz_apple.entitlements;
				CODE_SIGN_STYLE = Automatic;
				CURRENT_PROJECT_VERSION = 1;
				DEVELOPMENT_ASSET_PATHS = "\"qwiz_apple/Preview Content\"";
				ENABLE_PREVIEWS = YES;
				GENERATE_INFOPLIST_FILE = YES;
				"INFOPLIST_KEY_UIApplicationSceneManifest_Generation[sdk=iphoneos*]" = YES;
				"INFOPLIST_KEY_UIApplicationSceneManifest_Generation[sdk=iphonesimulator*]" = YES;
				"INFOPLIST_KEY_UIApplicationSupportsIndirectInputEvents[sdk=iphoneos*]" = YES;
				"INFOPLIST_KEY_UIApplicationSupportsIndirectInputEvents[sdk=iphonesimulator*]" = YES;
				"INFOPLIST_KEY_UILaunchScreen_Generation[sdk=iphoneos*]" = YES;
				"INFOPLIST_KEY_UILaunchScreen_Generation[sdk=iphonesimulator*]" = YES;
				"INFOPLIST_KEY_UIStatusBarStyle[sdk=iphoneos*]" = UIStatusBarStyleDefault;
				"INFOPLIST_KEY_UIStatusBarStyle[sdk=iphonesimulator*]" = UIStatusBarStyleDefault;
				INFOPLIST_KEY_UISupportedInterfaceOrientations_iPad = "UIInterfaceOrientationPortrait UIInterfaceOrientationPortraitUpsideDown UIInterfaceOrientationLandscapeLeft UIInterfaceOrientationLandscapeRight";
				INFOPLIST_KEY_UISupportedInterfaceOrientations_iPhone = "UIInterfaceOrientationPortrait UIInterfaceOrientationLandscapeLeft UIInterfaceOrientationLandscapeRight";
				IPHONEOS_DEPLOYMENT_TARGET = 16.4;
				LD_RUNPATH_SEARCH_PATHS = "@executable_path/Frameworks";
				"LD_RUNPATH_SEARCH_PATHS[sdk=macosx*]" = "@executable_path/../Frameworks";
				MACOSX_DEPLOYMENT_TARGET = 13.3;
				MARKETING_VERSION = 1.0;
				PRODUCT_BUNDLE_IDENTIFIER = "malkorin.qwiz-apple";
				PRODUCT_NAME = "$(TARGET_NAME)";
				SDKROOT = auto;
				SUPPORTED_PLATFORMS = "iphoneos iphonesimulator macosx";
				SWIFT_EMIT_LOC_STRINGS = YES;
				SWIFT_VERSION = 5.0;
				TARGETED_DEVICE_FAMILY = "1,2";
			};
			name = Release;
		};
		8D727E252AEAB4AE001F24CB /* Debug */ = {
			isa = XCBuildConfiguration;
			buildSettings = {
				ALWAYS_EMBED_SWIFT_STANDARD_LIBRARIES = YES;
				BUNDLE_LOADER = "$(TEST_HOST)";
				CODE_SIGN_STYLE = Automatic;
				CURRENT_PROJECT_VERSION = 1;
				GENERATE_INFOPLIST_FILE = YES;
				IPHONEOS_DEPLOYMENT_TARGET = 16.4;
				MACOSX_DEPLOYMENT_TARGET = 13.3;
				MARKETING_VERSION = 1.0;
				PRODUCT_BUNDLE_IDENTIFIER = "malkorin.qwiz-appleTests";
				PRODUCT_NAME = "$(TARGET_NAME)";
				SDKROOT = auto;
				SUPPORTED_PLATFORMS = "iphoneos iphonesimulator macosx";
				SWIFT_EMIT_LOC_STRINGS = NO;
				SWIFT_VERSION = 5.0;
				TARGETED_DEVICE_FAMILY = "1,2";
				TEST_HOST = "$(BUILT_PRODUCTS_DIR)/qwiz_apple.app/$(BUNDLE_EXECUTABLE_FOLDER_PATH)/qwiz_apple";
			};
			name = Debug;
		};
		8D727E262AEAB4AE001F24CB /* Release */ = {
			isa = XCBuildConfiguration;
			buildSettings = {
				ALWAYS_EMBED_SWIFT_STANDARD_LIBRARIES = YES;
				BUNDLE_LOADER = "$(TEST_HOST)";
				CODE_SIGN_STYLE = Automatic;
				CURRENT_PROJECT_VERSION = 1;
				GENERATE_INFOPLIST_FILE = YES;
				IPHONEOS_DEPLOYMENT_TARGET = 16.4;
				MACOSX_DEPLOYMENT_TARGET = 13.3;
				MARKETING_VERSION = 1.0;
				PRODUCT_BUNDLE_IDENTIFIER = "malkorin.qwiz-appleTests";
				PRODUCT_NAME = "$(TARGET_NAME)";
				SDKROOT = auto;
				SUPPORTED_PLATFORMS = "iphoneos iphonesimulator macosx";
				SWIFT_EMIT_LOC_STRINGS = NO;
				SWIFT_VERSION = 5.0;
				TARGETED_DEVICE_FAMILY = "1,2";
				TEST_HOST = "$(BUILT_PRODUCTS_DIR)/qwiz_apple.app/$(BUNDLE_EXECUTABLE_FOLDER_PATH)/qwiz_apple";
			};
			name = Release;
		};
		8D727E282AEAB4AE001F24CB /* Debug */ = {
			isa = XCBuildConfiguration;
			buildSettings = {
				ALWAYS_EMBED_SWIFT_STANDARD_LIBRARIES = YES;
				CODE_SIGN_STYLE = Automatic;
				CURRENT_PROJECT_VERSION = 1;
				GENERATE_INFOPLIST_FILE = YES;
				IPHONEOS_DEPLOYMENT_TARGET = 16.4;
				MACOSX_DEPLOYMENT_TARGET = 13.3;
				MARKETING_VERSION = 1.0;
				PRODUCT_BUNDLE_IDENTIFIER = "malkorin.qwiz-appleUITests";
				PRODUCT_NAME = "$(TARGET_NAME)";
				SDKROOT = auto;
				SUPPORTED_PLATFORMS = "iphoneos iphonesimulator macosx";
				SWIFT_EMIT_LOC_STRINGS = NO;
				SWIFT_VERSION = 5.0;
				TARGETED_DEVICE_FAMILY = "1,2";
				TEST_TARGET_NAME = qwiz_apple;
			};
			name = Debug;
		};
		8D727E292AEAB4AE001F24CB /* Release */ = {
			isa = XCBuildConfiguration;
			buildSettings = {
				ALWAYS_EMBED_SWIFT_STANDARD_LIBRARIES = YES;
				CODE_SIGN_STYLE = Automatic;
				CURRENT_PROJECT_VERSION = 1;
				GENERATE_INFOPLIST_FILE = YES;
				IPHONEOS_DEPLOYMENT_TARGET = 16.4;
				MACOSX_DEPLOYMENT_TARGET = 13.3;
				MARKETING_VERSION = 1.0;
				PRODUCT_BUNDLE_IDENTIFIER = "malkorin.qwiz-appleUITests";
				PRODUCT_NAME = "$(TARGET_NAME)";
				SDKROOT = auto;
				SUPPORTED_PLATFORMS = "iphoneos iphonesimulator macosx";
				SWIFT_EMIT_LOC_STRINGS = NO;
				SWIFT_VERSION = 5.0;
				TARGETED_DEVICE_FAMILY = "1,2";
				TEST_TARGET_NAME = qwiz_apple;
			};
			name = Release;
		};
/* End XCBuildConfiguration section */

/* Begin XCConfigurationList section */
		8D727DF22AEAB4AD001F24CB /* Build configuration list for PBXProject "qwiz_apple" */ = {
			isa = XCConfigurationList;
			buildConfigurations = (
				8D727E1F2AEAB4AE001F24CB /* Debug */,
				8D727E202AEAB4AE001F24CB /* Release */,
			);
			defaultConfigurationIsVisible = 0;
			defaultConfigurationName = Release;
		};
		8D727E212AEAB4AE001F24CB /* Build configuration list for PBXNativeTarget "qwiz_apple" */ = {
			isa = XCConfigurationList;
			buildConfigurations = (
				8D727E222AEAB4AE001F24CB /* Debug */,
				8D727E232AEAB4AE001F24CB /* Release */,
			);
			defaultConfigurationIsVisible = 0;
			defaultConfigurationName = Release;
		};
		8D727E242AEAB4AE001F24CB /* Build configuration list for PBXNativeTarget "qwiz_appleTests" */ = {
			isa = XCConfigurationList;
			buildConfigurations = (
				8D727E252AEAB4AE001F24CB /* Debug */,
				8D727E262AEAB4AE001F24CB /* Release */,
			);
			defaultConfigurationIsVisible = 0;
			defaultConfigurationName = Release;
		};
		8D727E272AEAB4AE001F24CB /* Build configuration list for PBXNativeTarget "qwiz_appleUITests" */ = {
			isa = XCConfigurationList;
			buildConfigurations = (
				8D727E282AEAB4AE001F24CB /* Debug */,
				8D727E292AEAB4AE001F24CB /* Release */,
			);
			defaultConfigurationIsVisible = 0;
			defaultConfigurationName = Release;
		};
/* End XCConfigurationList section */

/* Begin XCVersionGroup section */
		8D727DFE2AEAB4AD001F24CB /* qwiz_apple.xcdatamodeld */ = {
			isa = XCVersionGroup;
			children = (
				8D727DFF2AEAB4AD001F24CB /* qwiz_apple.xcdatamodel */,
			);
			currentVersion = 8D727DFF2AEAB4AD001F24CB /* qwiz_apple.xcdatamodel */;
			path = qwiz_apple.xcdatamodeld;
			sourceTree = "<group>";
			versionGroupType = wrapper.xcdatamodel;
		};
/* End XCVersionGroup section */
	};
	rootObject = 8D727DEF2AEAB4AC001F24CB /* Project object */;
}
